
Microsoft Visual Studio Solution File, Format Version 12.00
# Visual Studio 15
VisualStudioVersion = 15.0.27004.2002
MinimumVisualStudioVersion = 10.0.40219.1
Project("{FAE04EC0-301F-11D3-BF4B-00C04F79EFBC}") = "DigitalesKlassenbuch", "DigitalesKlassenbuch\DigitalesKlassenbuch.csproj", "{C04D50A2-280B-4CC3-896A-179990BBFB16}"
EndProject
Global
	GlobalSection(SolutionConfigurationPlatforms) = preSolution
		Debug|Any CPU = Debug|Any CPU
		Release|Any CPU = Release|Any CPU
	EndGlobalSection
	GlobalSection(ProjectConfigurationPlatforms) = postSolution
		{C04D50A2-280B-4CC3-896A-179990BBFB16}.Debug|Any CPU.ActiveCfg = Debug|Any CPU
		{C04D50A2-280B-4CC3-896A-179990BBFB16}.Debug|Any CPU.Build.0 = Debug|Any CPU
		{C04D50A2-280B-4CC3-896A-179990BBFB16}.Release|Any CPU.ActiveCfg = Release|Any CPU
		{C04D50A2-280B-4CC3-896A-179990BBFB16}.Release|Any CPU.Build.0 = Release|Any CPU
	EndGlobalSection
	GlobalSection(SolutionProperties) = preSolution
		HideSolutionNode = FALSE
	EndGlobalSection
	GlobalSection(ExtensibilityGlobals) = postSolution
		SolutionGuid = {B70FA254-D089-4CF1-86C3-3B31BDECA4C8}
	EndGlobalSection
EndGlobal
